
Microsoft Visual Studio Solution File, Format Version 12.00
# Visual Studio Version 17
VisualStudioVersion = 17.13.35806.99 d17.13
MinimumVisualStudioVersion = 10.0.40219.1
Project("{FAE04EC0-301F-11D3-BF4B-00C04F79EFBC}") = "TestMauiiOSStartup", "TestMauiiOSStartup.csproj", "{24BF5AFB-83F7-417B-8E52-10F8BBD95793}"
EndProject
Global
	GlobalSection(SolutionConfigurationPlatforms) = preSolution
		Debug|Any CPU = Debug|Any CPU
		Release|Any CPU = Release|Any CPU
	EndGlobalSection
	GlobalSection(ProjectConfigurationPlatforms) = postSolution
		{24BF5AFB-83F7-417B-8E52-10F8BBD95793}.Debug|Any CPU.ActiveCfg = Debug|Any CPU
		{24BF5AFB-83F7-417B-8E52-10F8BBD95793}.Debug|Any CPU.Build.0 = Debug|Any CPU
		{24BF5AFB-83F7-417B-8E52-10F8BBD95793}.Release|Any CPU.ActiveCfg = Release|Any CPU
		{24BF5AFB-83F7-417B-8E52-10F8BBD95793}.Release|Any CPU.Build.0 = Release|Any CPU
	EndGlobalSection
	GlobalSection(SolutionProperties) = preSolution
		HideSolutionNode = FALSE
	EndGlobalSection
	GlobalSection(ExtensibilityGlobals) = postSolution
		SolutionGuid = {1609866F-190A-48FB-ADE0-13D9927889BD}
	EndGlobalSection
EndGlobal
